
Microsoft Visual Studio Solution File, Format Version 12.00
# Visual Studio Version 16
VisualStudioVersion = 16.0.31727.386
MinimumVisualStudioVersion = 10.0.40219.1
Project("{9A19103F-16F7-4668-BE54-9A1E7A4F7556}") = "LeaveAPI", "LeaveAPI\LeaveAPI.csproj", "{7234F16C-3166-443F-BC76-90DA74127116}"
EndProject
Project("{FAE04EC0-301F-11D3-BF4B-00C04F79EFBC}") = "LeaveClient", "LeaveClient\LeaveClient.csproj", "{F8BDDF9C-4A94-47E9-BBD9-F37554EF14C1}"
EndProject
Global
	GlobalSection(SolutionConfigurationPlatforms) = preSolution
		Debug|Any CPU = Debug|Any CPU
		Release|Any CPU = Release|Any CPU
	EndGlobalSection
	GlobalSection(ProjectConfigurationPlatforms) = postSolution
		{7234F16C-3166-443F-BC76-90DA74127116}.Debug|Any CPU.ActiveCfg = Debug|Any CPU
		{7234F16C-3166-443F-BC76-90DA74127116}.Debug|Any CPU.Build.0 = Debug|Any CPU
		{7234F16C-3166-443F-BC76-90DA74127116}.Release|Any CPU.ActiveCfg = Release|Any CPU
		{7234F16C-3166-443F-BC76-90DA74127116}.Release|Any CPU.Build.0 = Release|Any CPU
		{F8BDDF9C-4A94-47E9-BBD9-F37554EF14C1}.Debug|Any CPU.ActiveCfg = Debug|Any CPU
		{F8BDDF9C-4A94-47E9-BBD9-F37554EF14C1}.Debug|Any CPU.Build.0 = Debug|Any CPU
		{F8BDDF9C-4A94-47E9-BBD9-F37554EF14C1}.Release|Any CPU.ActiveCfg = Release|Any CPU
		{F8BDDF9C-4A94-47E9-BBD9-F37554EF14C1}.Release|Any CPU.Build.0 = Release|Any CPU
	EndGlobalSection
	GlobalSection(SolutionProperties) = preSolution
		HideSolutionNode = FALSE
	EndGlobalSection
	GlobalSection(ExtensibilityGlobals) = postSolution
		SolutionGuid = {E360C3FD-D68A-4E8F-82AF-C25AC433505C}
	EndGlobalSection
EndGlobal
